
Microsoft Visual Studio Solution File, Format Version 12.00
# Visual Studio Version 17
VisualStudioVersion = 17.5.002.0
MinimumVisualStudioVersion = 10.0.40219.1
Project("{9A19103F-16F7-4668-BE54-9A1E7A4F7556}") = "ConsoleApp1", "ConsoleApp1.csproj", "{71ADB899-B376-4F4E-9078-A8CF833A7724}"
EndProject
Global
	GlobalSection(SolutionConfigurationPlatforms) = preSolution
		Debug|Any CPU = Debug|Any CPU
		Release|Any CPU = Release|Any CPU
	EndGlobalSection
	GlobalSection(ProjectConfigurationPlatforms) = postSolution
		{71ADB899-B376-4F4E-9078-A8CF833A7724}.Debug|Any CPU.ActiveCfg = Debug|Any CPU
		{71ADB899-B376-4F4E-9078-A8CF833A7724}.Debug|Any CPU.Build.0 = Debug|Any CPU
		{71ADB899-B376-4F4E-9078-A8CF833A7724}.Release|Any CPU.ActiveCfg = Release|Any CPU
		{71ADB899-B376-4F4E-9078-A8CF833A7724}.Release|Any CPU.Build.0 = Release|Any CPU
	EndGlobalSection
	GlobalSection(SolutionProperties) = preSolution
		HideSolutionNode = FALSE
	EndGlobalSection
	GlobalSection(ExtensibilityGlobals) = postSolution
		SolutionGuid = {EA4D511B-D298-42B1-A51C-932532297CA5}
	EndGlobalSection
EndGlobal
